
Microsoft Visual Studio Solution File, Format Version 12.00
# Visual Studio Version 17
VisualStudioVersion = 17.14.37314.3 d17.14
MinimumVisualStudioVersion = 10.0.40219.1
Project("{FAE04EC0-301F-11D3-BF4B-00C04F79EFBC}") = "BillingSystem", "BillingSystem\BillingSystem.csproj", "{D243EB70-233A-4E82-8821-C4949FFF75FF}"
EndProject
Global
	GlobalSection(SolutionConfigurationPlatforms) = preSolution
		Debug|Any CPU = Debug|Any CPU
		Release|Any CPU = Release|Any CPU
	EndGlobalSection
	GlobalSection(ProjectConfigurationPlatforms) = postSolution
		{D243EB70-233A-4E82-8821-C4949FFF75FF}.Debug|Any CPU.ActiveCfg = Debug|Any CPU
		{D243EB70-233A-4E82-8821-C4949FFF75FF}.Debug|Any CPU.Build.0 = Debug|Any CPU
		{D243EB70-233A-4E82-8821-C4949FFF75FF}.Release|Any CPU.ActiveCfg = Release|Any CPU
		{D243EB70-233A-4E82-8821-C4949FFF75FF}.Release|Any CPU.Build.0 = Release|Any CPU
	EndGlobalSection
	GlobalSection(SolutionProperties) = preSolution
		HideSolutionNode = FALSE
	EndGlobalSection
	GlobalSection(ExtensibilityGlobals) = postSolution
		SolutionGuid = {B5761B35-F86A-42F4-9397-155121C27571}
	EndGlobalSection
EndGlobal
